
Microsoft Visual Studio Solution File, Format Version 12.00
# Visual Studio Version 17
VisualStudioVersion = 17.6.33815.320
MinimumVisualStudioVersion = 10.0.40219.1
Project("{9A19103F-16F7-4668-BE54-9A1E7A4F7556}") = "Web", "Web\Web.csproj", "{705BBC72-58E8-4EFE-84F3-E05E097721C5}"
EndProject
Project("{9A19103F-16F7-4668-BE54-9A1E7A4F7556}") = "AltibizTheme", "AltibizTheme\AltibizTheme.csproj", "{D145FEE8-2705-4943-B4AF-8C2A8305E75B}"
EndProject
Project("{9A19103F-16F7-4668-BE54-9A1E7A4F7556}") = "Carousel.OrchardCore", "Carousel.OrchardCore\Carousel.OrchardCore.csproj", "{5A91A36B-D78A-45E6-B655-7C4922E6D288}"
EndProject
Project("{2150E333-8FDC-42A3-9474-1A3956D46DE8}") = "Solution Items", "Solution Items", "{D1ED700F-D577-4C31-9311-10B22A5071BE}"
EndProject
Project("{FAE04EC0-301F-11D3-BF4B-00C04F79EFBC}") = "KermTheme", "KermTheme\KermTheme.csproj", "{F47BDA67-BF68-7BA4-F635-4E33336E7122}"
EndProject
Global
	GlobalSection(SolutionConfigurationPlatforms) = preSolution
		Debug|Any CPU = Debug|Any CPU
		Release|Any CPU = Release|Any CPU
	EndGlobalSection
	GlobalSection(ProjectConfigurationPlatforms) = postSolution
		{705BBC72-58E8-4EFE-84F3-E05E097721C5}.Debug|Any CPU.ActiveCfg = Debug|Any CPU
		{705BBC72-58E8-4EFE-84F3-E05E097721C5}.Debug|Any CPU.Build.0 = Debug|Any CPU
		{705BBC72-58E8-4EFE-84F3-E05E097721C5}.Release|Any CPU.ActiveCfg = Release|Any CPU
		{705BBC72-58E8-4EFE-84F3-E05E097721C5}.Release|Any CPU.Build.0 = Release|Any CPU
		{D145FEE8-2705-4943-B4AF-8C2A8305E75B}.Debug|Any CPU.ActiveCfg = Debug|Any CPU
		{D145FEE8-2705-4943-B4AF-8C2A8305E75B}.Debug|Any CPU.Build.0 = Debug|Any CPU
		{D145FEE8-2705-4943-B4AF-8C2A8305E75B}.Release|Any CPU.ActiveCfg = Release|Any CPU
		{D145FEE8-2705-4943-B4AF-8C2A8305E75B}.Release|Any CPU.Build.0 = Release|Any CPU
		{5A91A36B-D78A-45E6-B655-7C4922E6D288}.Debug|Any CPU.ActiveCfg = Debug|Any CPU
		{5A91A36B-D78A-45E6-B655-7C4922E6D288}.Debug|Any CPU.Build.0 = Debug|Any CPU
		{5A91A36B-D78A-45E6-B655-7C4922E6D288}.Release|Any CPU.ActiveCfg = Release|Any CPU
		{5A91A36B-D78A-45E6-B655-7C4922E6D288}.Release|Any CPU.Build.0 = Release|Any CPU
		{F47BDA67-BF68-7BA4-F635-4E33336E7122}.Debug|Any CPU.ActiveCfg = Debug|Any CPU
		{F47BDA67-BF68-7BA4-F635-4E33336E7122}.Debug|Any CPU.Build.0 = Debug|Any CPU
		{F47BDA67-BF68-7BA4-F635-4E33336E7122}.Release|Any CPU.ActiveCfg = Release|Any CPU
		{F47BDA67-BF68-7BA4-F635-4E33336E7122}.Release|Any CPU.Build.0 = Release|Any CPU
	EndGlobalSection
	GlobalSection(SolutionProperties) = preSolution
		HideSolutionNode = FALSE
	EndGlobalSection
	GlobalSection(ExtensibilityGlobals) = postSolution
		SolutionGuid = {B0C17021-1164-494D-9323-96AEA9632E7E}
	EndGlobalSection
EndGlobal
